Microsoft Visual Studio Solution File, Format Version 12.00
# Visual Studio Version 17
VisualStudioVersion = 17.13.35931.197
MinimumVisualStudioVersion = 10.0.40219.1
Project("{2150E333-8FDC-42A3-9474-1A3956D46DE8}") = "Bootstrapper", "Bootstrapper", "{02EA681E-C7D8-13C7-8484-4AC65E1B71E8}"
EndProject
Project("{2150E333-8FDC-42A3-9474-1A3956D46DE8}") = "Modules", "Modules", "{B546C5BF-330D-4078-A74A-E1B88405B8FC}"
EndProject
Project("{2150E333-8FDC-42A3-9474-1A3956D46DE8}") = "Shared", "Shared", "{3A46AA5B-C603-42EE-8436-96FA9D4905D1}"
EndProject
Project("{FAE04EC0-301F-11D3-BF4B-00C04F79EFBC}") = "Api", "Boostrapper\Api\Api.csproj", "{13481BB4-BAD8-4123-8321-5DF73FF99BEB}"
EndProject
Project("{2150E333-8FDC-42A3-9474-1A3956D46DE8}") = "Catalog", "Catalog", "{226BDCD8-1D01-40E8-B13C-AA2520DE7D6A}"
EndProject
Project("{2150E333-8FDC-42A3-9474-1A3956D46DE8}") = "Basket", "Basket", "{CCC5E53F-DFBB-482A-B87B-0A03D52C1967}"
EndProject
Project("{2150E333-8FDC-42A3-9474-1A3956D46DE8}") = "Ordering", "Ordering", "{3EA040E8-9C6C-4F8F-806A-516B6150A57F}"
EndProject
Project("{FAE04EC0-301F-11D3-BF4B-00C04F79EFBC}") = "Catalog", "Modules\Catalog\Catalog\Catalog.csproj", "{1EF878F3-C9AA-4F9C-845F-10A2B9CFA44B}"
EndProject
Project("{FAE04EC0-301F-11D3-BF4B-00C04F79EFBC}") = "Basket", "Modules\Basket\Basket\Basket.csproj", "{80C6D4FE-3CAE-4721-821B-FFF350F3EF93}"
EndProject
Project("{FAE04EC0-301F-11D3-BF4B-00C04F79EFBC}") = "Ordering", "Modules\Ordering\Ordering\Ordering.csproj", "{7350FE5E-6B89-466D-9C35-950E65A917C3}"
EndProject
Project("{FAE04EC0-301F-11D3-BF4B-00C04F79EFBC}") = "Shared", "Shared\Shared\Shared.csproj", "{015EA4BA-6A9A-4A9E-950D-5739B7C36889}"
EndProject
Global
	GlobalSection(SolutionConfigurationPlatforms) = preSolution
		Debug|Any CPU = Debug|Any CPU
		Release|Any CPU = Release|Any CPU
	EndGlobalSection
	GlobalSection(ProjectConfigurationPlatforms) = postSolution
		{13481BB4-BAD8-4123-8321-5DF73FF99BEB}.Debug|Any CPU.ActiveCfg = Debug|Any CPU
		{13481BB4-BAD8-4123-8321-5DF73FF99BEB}.Debug|Any CPU.Build.0 = Debug|Any CPU
		{13481BB4-BAD8-4123-8321-5DF73FF99BEB}.Release|Any CPU.ActiveCfg = Release|Any CPU
		{13481BB4-BAD8-4123-8321-5DF73FF99BEB}.Release|Any CPU.Build.0 = Release|Any CPU
		{1EF878F3-C9AA-4F9C-845F-10A2B9CFA44B}.Debug|Any CPU.ActiveCfg = Debug|Any CPU
		{1EF878F3-C9AA-4F9C-845F-10A2B9CFA44B}.Debug|Any CPU.Build.0 = Debug|Any CPU
		{1EF878F3-C9AA-4F9C-845F-10A2B9CFA44B}.Release|Any CPU.ActiveCfg = Release|Any CPU
		{1EF878F3-C9AA-4F9C-845F-10A2B9CFA44B}.Release|Any CPU.Build.0 = Release|Any CPU
		{80C6D4FE-3CAE-4721-821B-FFF350F3EF93}.Debug|Any CPU.ActiveCfg = Debug|Any CPU
		{80C6D4FE-3CAE-4721-821B-FFF350F3EF93}.Debug|Any CPU.Build.0 = Debug|Any CPU
		{80C6D4FE-3CAE-4721-821B-FFF350F3EF93}.Release|Any CPU.ActiveCfg = Release|Any CPU
		{80C6D4FE-3CAE-4721-821B-FFF350F3EF93}.Release|Any CPU.Build.0 = Release|Any CPU
		{7350FE5E-6B89-466D-9C35-950E65A917C3}.Debug|Any CPU.ActiveCfg = Debug|Any CPU
		{7350FE5E-6B89-466D-9C35-950E65A917C3}.Debug|Any CPU.Build.0 = Debug|Any CPU
		{7350FE5E-6B89-466D-9C35-950E65A917C3}.Release|Any CPU.ActiveCfg = Release|Any CPU
		{7350FE5E-6B89-466D-9C35-950E65A917C3}.Release|Any CPU.Build.0 = Release|Any CPU
		{015EA4BA-6A9A-4A9E-950D-5739B7C36889}.Debug|Any CPU.ActiveCfg = Debug|Any CPU
		{015EA4BA-6A9A-4A9E-950D-5739B7C36889}.Debug|Any CPU.Build.0 = Debug|Any CPU
		{015EA4BA-6A9A-4A9E-950D-5739B7C36889}.Release|Any CPU.ActiveCfg = Release|Any CPU
		{015EA4BA-6A9A-4A9E-950D-5739B7C36889}.Release|Any CPU.Build.0 = Release|Any CPU
	EndGlobalSection
	GlobalSection(SolutionProperties) = preSolution
		HideSolutionNode = FALSE
	EndGlobalSection
	GlobalSection(NestedProjects) = preSolution
		{13481BB4-BAD8-4123-8321-5DF73FF99BEB} = {02EA681E-C7D8-13C7-8484-4AC65E1B71E8}
		{226BDCD8-1D01-40E8-B13C-AA2520DE7D6A} = {B546C5BF-330D-4078-A74A-E1B88405B8FC}
		{CCC5E53F-DFBB-482A-B87B-0A03D52C1967} = {B546C5BF-330D-4078-A74A-E1B88405B8FC}
		{3EA040E8-9C6C-4F8F-806A-516B6150A57F} = {B546C5BF-330D-4078-A74A-E1B88405B8FC}
		{1EF878F3-C9AA-4F9C-845F-10A2B9CFA44B} = {226BDCD8-1D01-40E8-B13C-AA2520DE7D6A}
		{80C6D4FE-3CAE-4721-821B-FFF350F3EF93} = {CCC5E53F-DFBB-482A-B87B-0A03D52C1967}
		{7350FE5E-6B89-466D-9C35-950E65A917C3} = {3EA040E8-9C6C-4F8F-806A-516B6150A57F}
		{015EA4BA-6A9A-4A9E-950D-5739B7C36889} = {3A46AA5B-C603-42EE-8436-96FA9D4905D1}
	EndGlobalSection
	GlobalSection(ExtensibilityGlobals) = postSolution
		SolutionGuid = {187956EC-9CF7-414C-8297-B8F889559417}
	EndGlobalSection
EndGlobal
